
Microsoft Visual Studio Solution File, Format Version 12.00
# Visual Studio Version 16
VisualStudioVersion = 16.0.30804.86
MinimumVisualStudioVersion = 10.0.40219.1
Project("{FAE04EC0-301F-11D3-BF4B-00C04F79EFBC}") = "2048", "2048\2048.csproj", "{2BD6C902-F78C-4373-A05F-CEF39FE533A0}"
EndProject
Global
	GlobalSection(SolutionConfigurationPlatforms) = preSolution
		Debug|Any CPU = Debug|Any CPU
		Release|Any CPU = Release|Any CPU
	EndGlobalSection
	GlobalSection(ProjectConfigurationPlatforms) = postSolution
		{2BD6C902-F78C-4373-A05F-CEF39FE533A0}.Debug|Any CPU.ActiveCfg = Debug|Any CPU
		{2BD6C902-F78C-4373-A05F-CEF39FE533A0}.Debug|Any CPU.Build.0 = Debug|Any CPU
		{2BD6C902-F78C-4373-A05F-CEF39FE533A0}.Release|Any CPU.ActiveCfg = Release|Any CPU
		{2BD6C902-F78C-4373-A05F-CEF39FE533A0}.Release|Any CPU.Build.0 = Release|Any CPU
	EndGlobalSection
	GlobalSection(SolutionProperties) = preSolution
		HideSolutionNode = FALSE
	EndGlobalSection
	GlobalSection(ExtensibilityGlobals) = postSolution
		SolutionGuid = {7EDA428C-969A-440A-8024-CACEBBE7AB32}
	EndGlobalSection
EndGlobal
